{
  "version": 4,
  "terraform_version": "1.1.8",
  "serial": 15,
  "lineage": "3c782650-16b1-faff-f708-d0589751c87a",
  "outputs": {},
  "resources": [
    {
      "mode": "managed",
      "type": "aws_key_pair",
      "name": "public_key",
      "provider": "provider[\"registry.terraform.io/hashicorp/aws\"]",
      "instances": [
        {
          "schema_version": 1,
          "attributes": {
            "arn": "arn:aws:ec2:us-west-1:590526570343:key-pair/skuser07531_public_key",
            "fingerprint": "ac:56:58:ee:6f:68:34:6e:eb:51:00:77:91:5c:0d:c7",
            "id": "skuser07531_public_key",
            "key_name": "skuser07531_public_key",
            "key_name_prefix": "",
            "key_pair_id": "key-0865d3668a222f4ac",
            "public_key": "ssh-rsa AAAAB3NzaC1yc2EAAAADAQABAAABAQDQrdTYdmwZx7EVBHae3VLuCGZd24OD0XQyyO6B6FK8hoIJPsAaXtsoaGGOO4wZuQQC6+vW2AlwFNFpe+WMO9DUyYwom9B3z33Uzhsc1/N1GJ2AHqZa1OFojVIn9r/nfN8aK8qoDVR+v77hjdOXSci3Mg3IWED8rkteNra/9ho/X611GAT2RaxzgYgzlKvwqNzB34s8WWscPEr1MBfoHKLQ41jIjWORE8kJzukyJzKSEf8W58uueIH8bcTe5GXNXYKVPlXJEA3sSj+/7HC7/RU/8ue9uY7guQ1ySyNo67aOejHTSt8sbSYsAoIrzobB7+e9maaiWWMGhDxyIgzqPIFN ec2-user@ip-10-0-9-36.ap-northeast-2.compute.internal",
            "tags": null,
            "tags_all": {}
          },
          "sensitive_attributes": [],
          "private": "eyJzY2hlbWFfdmVyc2lvbiI6IjEifQ=="
        }
      ]
    },
    {
      "mode": "managed",
      "type": "aws_subnet",
      "name": "public_1a",
      "provider": "provider[\"registry.terraform.io/hashicorp/aws\"]",
      "instances": [
        {
          "schema_version": 1,
          "attributes": {
            "arn": "arn:aws:ec2:us-west-1:590526570343:subnet/subnet-0733f34bee33db21a",
            "assign_ipv6_address_on_creation": false,
            "availability_zone": "us-west-1b",
            "availability_zone_id": "usw1-az3",
            "cidr_block": "10.0.1.0/24",
            "customer_owned_ipv4_pool": "",
            "enable_dns64": false,
            "enable_resource_name_dns_a_record_on_launch": false,
            "enable_resource_name_dns_aaaa_record_on_launch": false,
            "id": "subnet-0733f34bee33db21a",
            "ipv6_cidr_block": "",
            "ipv6_cidr_block_association_id": "",
            "ipv6_native": false,
            "map_customer_owned_ip_on_launch": false,
            "map_public_ip_on_launch": false,
            "outpost_arn": "",
            "owner_id": "590526570343",
            "private_dns_hostname_type_on_launch": "ip-name",
            "tags": {
              "Name": "skuser07531-public-1a"
            },
            "tags_all": {
              "Name": "skuser07531-public-1a"
            },
            "timeouts": null,
            "vpc_id": "vpc-0f7a09f992fffe176"
          },
          "sensitive_attributes": [],
          "private": "eyJlMmJmYjczMC1lY2FhLTExZTYtOGY4OC0zNDM2M2JjN2M0YzAiOnsiY3JlYXRlIjo2MDAwMDAwMDAwMDAsImRlbGV0ZSI6MTIwMDAwMDAwMDAwMH0sInNjaGVtYV92ZXJzaW9uIjoiMSJ9",
          "dependencies": [
            "aws_vpc.vpc1"
          ]
        }
      ]
    },
    {
      "mode": "managed",
      "type": "aws_subnet",
      "name": "public_1b",
      "provider": "provider[\"registry.terraform.io/hashicorp/aws\"]",
      "instances": [
        {
          "schema_version": 1,
          "attributes": {
            "arn": "arn:aws:ec2:us-west-1:590526570343:subnet/subnet-04a1bc0685dd91d8c",
            "assign_ipv6_address_on_creation": false,
            "availability_zone": "us-west-1c",
            "availability_zone_id": "usw1-az1",
            "cidr_block": "10.0.2.0/24",
            "customer_owned_ipv4_pool": "",
            "enable_dns64": false,
            "enable_resource_name_dns_a_record_on_launch": false,
            "enable_resource_name_dns_aaaa_record_on_launch": false,
            "id": "subnet-04a1bc0685dd91d8c",
            "ipv6_cidr_block": "",
            "ipv6_cidr_block_association_id": "",
            "ipv6_native": false,
            "map_customer_owned_ip_on_launch": false,
            "map_public_ip_on_launch": false,
            "outpost_arn": "",
            "owner_id": "590526570343",
            "private_dns_hostname_type_on_launch": "ip-name",
            "tags": {
              "Name": "skuser07531-public_1b"
            },
            "tags_all": {
              "Name": "skuser07531-public_1b"
            },
            "timeouts": null,
            "vpc_id": "vpc-0f7a09f992fffe176"
          },
          "sensitive_attributes": [],
          "private": "eyJlMmJmYjczMC1lY2FhLTExZTYtOGY4OC0zNDM2M2JjN2M0YzAiOnsiY3JlYXRlIjo2MDAwMDAwMDAwMDAsImRlbGV0ZSI6MTIwMDAwMDAwMDAwMH0sInNjaGVtYV92ZXJzaW9uIjoiMSJ9",
          "dependencies": [
            "aws_vpc.vpc1"
          ]
        }
      ]
    },
    {
      "mode": "managed",
      "type": "aws_vpc",
      "name": "vpc1",
      "provider": "provider[\"registry.terraform.io/hashicorp/aws\"]",
      "instances": [
        {
          "schema_version": 1,
          "attributes": {
            "arn": "arn:aws:ec2:us-west-1:590526570343:vpc/vpc-0f7a09f992fffe176",
            "assign_generated_ipv6_cidr_block": false,
            "cidr_block": "10.0.0.0/16",
            "default_network_acl_id": "acl-08791614ff9f04938",
            "default_route_table_id": "rtb-0fc8aea7d185a7db5",
            "default_security_group_id": "sg-00e0b2911e952f951",
            "dhcp_options_id": "dopt-732ccf15",
            "enable_classiclink": false,
            "enable_classiclink_dns_support": false,
            "enable_dns_hostnames": true,
            "enable_dns_support": true,
            "id": "vpc-0f7a09f992fffe176",
            "instance_tenancy": "default",
            "ipv4_ipam_pool_id": null,
            "ipv4_netmask_length": null,
            "ipv6_association_id": "",
            "ipv6_cidr_block": "",
            "ipv6_cidr_block_network_border_group": "",
            "ipv6_ipam_pool_id": "",
            "ipv6_netmask_length": 0,
            "main_route_table_id": "rtb-0fc8aea7d185a7db5",
            "owner_id": "590526570343",
            "tags": {
              "Name": "skuser07531-vpc1"
            },
            "tags_all": {
              "Name": "skuser07531-vpc1"
            }
          },
          "sensitive_attributes": [],
          "private": "eyJzY2hlbWFfdmVyc2lvbiI6IjEifQ=="
        }
      ]
    }
  ]
}
